
Microsoft Visual Studio Solution File, Format Version 12.00
# Visual Studio 15
VisualStudioVersion = 15.0.27130.2026
MinimumVisualStudioVersion = 10.0.40219.1
Project("{FAE04EC0-301F-11D3-BF4B-00C04F79EFBC}") = "CrossPlatFromVS2017.Android", "CrossPlatFromVS2017\CrossPlatFromVS2017.Android\CrossPlatFromVS2017.Android.csproj", "{59EE7DD4-502E-4481-8315-43B3ADE10743}"
EndProject
Project("{FAE04EC0-301F-11D3-BF4B-00C04F79EFBC}") = "CrossPlatFromVS2017.iOS", "CrossPlatFromVS2017\CrossPlatFromVS2017.iOS\CrossPlatFromVS2017.iOS.csproj", "{2DB25C84-88A9-4C46-B4F9-21F4F98CACD3}"
EndProject
Project("{D954291E-2A0B-460D-934E-DC6B0785DB48}") = "CrossPlatFromVS2017", "CrossPlatFromVS2017\CrossPlatFromVS2017\CrossPlatFromVS2017.shproj", "{7ACCF952-F526-4A85-9FAD-1CC5DE73FB97}"
EndProject
Global
	GlobalSection(SharedMSBuildProjectFiles) = preSolution
		CrossPlatFromVS2017\CrossPlatFromVS2017\CrossPlatFromVS2017.projitems*{2db25c84-88a9-4c46-b4f9-21f4f98cacd3}*SharedItemsImports = 4
		CrossPlatFromVS2017\CrossPlatFromVS2017\CrossPlatFromVS2017.projitems*{59ee7dd4-502e-4481-8315-43b3ade10743}*SharedItemsImports = 4
		CrossPlatFromVS2017\CrossPlatFromVS2017\CrossPlatFromVS2017.projitems*{7accf952-f526-4a85-9fad-1cc5de73fb97}*SharedItemsImports = 13
	EndGlobalSection
	GlobalSection(SolutionConfigurationPlatforms) = preSolution
		Ad-Hoc|Any CPU = Ad-Hoc|Any CPU
		Ad-Hoc|iPhone = Ad-Hoc|iPhone
		Ad-Hoc|iPhoneSimulator = Ad-Hoc|iPhoneSimulator
		AppStore|Any CPU = AppStore|Any CPU
		AppStore|iPhone = AppStore|iPhone
		AppStore|iPhoneSimulator = AppStore|iPhoneSimulator
		Debug|Any CPU = Debug|Any CPU
		Debug|iPhone = Debug|iPhone
		Debug|iPhoneSimulator = Debug|iPhoneSimulator
		Release|Any CPU = Release|Any CPU
		Release|iPhone = Release|iPhone
		Release|iPhoneSimulator = Release|iPhoneSimulator
	EndGlobalSection
	GlobalSection(ProjectConfigurationPlatforms) = postSolution
		{59EE7DD4-502E-4481-8315-43B3ADE10743}.Ad-Hoc|Any CPU.ActiveCfg = Release|Any CPU
		{59EE7DD4-502E-4481-8315-43B3ADE10743}.Ad-Hoc|Any CPU.Build.0 = Release|Any CPU
		{59EE7DD4-502E-4481-8315-43B3ADE10743}.Ad-Hoc|Any CPU.Deploy.0 = Release|Any CPU
		{59EE7DD4-502E-4481-8315-43B3ADE10743}.Ad-Hoc|iPhone.ActiveCfg = Release|Any CPU
		{59EE7DD4-502E-4481-8315-43B3ADE10743}.Ad-Hoc|iPhone.Build.0 = Release|Any CPU
		{59EE7DD4-502E-4481-8315-43B3ADE10743}.Ad-Hoc|iPhone.Deploy.0 = Release|Any CPU
		{59EE7DD4-502E-4481-8315-43B3ADE10743}.Ad-Hoc|iPhoneSimulator.ActiveCfg = Release|Any CPU
		{59EE7DD4-502E-4481-8315-43B3ADE10743}.Ad-Hoc|iPhoneSimulator.Build.0 = Release|Any CPU
		{59EE7DD4-502E-4481-8315-43B3ADE10743}.Ad-Hoc|iPhoneSimulator.Deploy.0 = Release|Any CPU
		{59EE7DD4-502E-4481-8315-43B3ADE10743}.AppStore|Any CPU.ActiveCfg = Release|Any CPU
		{59EE7DD4-502E-4481-8315-43B3ADE10743}.AppStore|Any CPU.Build.0 = Release|Any CPU
		{59EE7DD4-502E-4481-8315-43B3ADE10743}.AppStore|Any CPU.Deploy.0 = Release|Any CPU
		{59EE7DD4-502E-4481-8315-43B3ADE10743}.AppStore|iPhone.ActiveCfg = Release|Any CPU
		{59EE7DD4-502E-4481-8315-43B3ADE10743}.AppStore|iPhone.Build.0 = Release|Any CPU
		{59EE7DD4-502E-4481-8315-43B3ADE10743}.AppStore|iPhone.Deploy.0 = Release|Any CPU
		{59EE7DD4-502E-4481-8315-43B3ADE10743}.AppStore|iPhoneSimulator.ActiveCfg = Release|Any CPU
		{59EE7DD4-502E-4481-8315-43B3ADE10743}.AppStore|iPhoneSimulator.Build.0 = Release|Any CPU
		{59EE7DD4-502E-4481-8315-43B3ADE10743}.AppStore|iPhoneSimulator.Deploy.0 = Release|Any CPU
		{59EE7DD4-502E-4481-8315-43B3ADE10743}.Debug|Any CPU.ActiveCfg = Debug|Any CPU
		{59EE7DD4-502E-4481-8315-43B3ADE10743}.Debug|Any CPU.Build.0 = Debug|Any CPU
		{59EE7DD4-502E-4481-8315-43B3ADE10743}.Debug|Any CPU.Deploy.0 = Debug|Any CPU
		{59EE7DD4-502E-4481-8315-43B3ADE10743}.Debug|iPhone.ActiveCfg = Debug|Any CPU
		{59EE7DD4-502E-4481-8315-43B3ADE10743}.Debug|iPhone.Build.0 = Debug|Any CPU
		{59EE7DD4-502E-4481-8315-43B3ADE10743}.Debug|iPhone.Deploy.0 = Debug|Any CPU
		{59EE7DD4-502E-4481-8315-43B3ADE10743}.Debug|iPhoneSimulator.ActiveCfg = Debug|Any CPU
		{59EE7DD4-502E-4481-8315-43B3ADE10743}.Debug|iPhoneSimulator.Build.0 = Debug|Any CPU
		{59EE7DD4-502E-4481-8315-43B3ADE10743}.Debug|iPhoneSimulator.Deploy.0 = Debug|Any CPU
		{59EE7DD4-502E-4481-8315-43B3ADE10743}.Release|Any CPU.ActiveCfg = Release|Any CPU
		{59EE7DD4-502E-4481-8315-43B3ADE10743}.Release|Any CPU.Build.0 = Release|Any CPU
		{59EE7DD4-502E-4481-8315-43B3ADE10743}.Release|Any CPU.Deploy.0 = Release|Any CPU
		{59EE7DD4-502E-4481-8315-43B3ADE10743}.Release|iPhone.ActiveCfg = Release|Any CPU
		{59EE7DD4-502E-4481-8315-43B3ADE10743}.Release|iPhone.Build.0 = Release|Any CPU
		{59EE7DD4-502E-4481-8315-43B3ADE10743}.Release|iPhone.Deploy.0 = Release|Any CPU
		{59EE7DD4-502E-4481-8315-43B3ADE10743}.Release|iPhoneSimulator.ActiveCfg = Release|Any CPU
		{59EE7DD4-502E-4481-8315-43B3ADE10743}.Release|iPhoneSimulator.Build.0 = Release|Any CPU
		{59EE7DD4-502E-4481-8315-43B3ADE10743}.Release|iPhoneSimulator.Deploy.0 = Release|Any CPU
		{2DB25C84-88A9-4C46-B4F9-21F4F98CACD3}.Ad-Hoc|Any CPU.ActiveCfg = Ad-Hoc|iPhone
		{2DB25C84-88A9-4C46-B4F9-21F4F98CACD3}.Ad-Hoc|iPhone.ActiveCfg = Ad-Hoc|iPhone
		{2DB25C84-88A9-4C46-B4F9-21F4F98CACD3}.Ad-Hoc|iPhone.Build.0 = Ad-Hoc|iPhone
		{2DB25C84-88A9-4C46-B4F9-21F4F98CACD3}.Ad-Hoc|iPhoneSimulator.ActiveCfg = Ad-Hoc|iPhoneSimulator
		{2DB25C84-88A9-4C46-B4F9-21F4F98CACD3}.Ad-Hoc|iPhoneSimulator.Build.0 = Ad-Hoc|iPhoneSimulator
		{2DB25C84-88A9-4C46-B4F9-21F4F98CACD3}.AppStore|Any CPU.ActiveCfg = AppStore|iPhone
		{2DB25C84-88A9-4C46-B4F9-21F4F98CACD3}.AppStore|iPhone.ActiveCfg = AppStore|iPhone
		{2DB25C84-88A9-4C46-B4F9-21F4F98CACD3}.AppStore|iPhone.Build.0 = AppStore|iPhone
		{2DB25C84-88A9-4C46-B4F9-21F4F98CACD3}.AppStore|iPhoneSimulator.ActiveCfg = AppStore|iPhoneSimulator
		{2DB25C84-88A9-4C46-B4F9-21F4F98CACD3}.AppStore|iPhoneSimulator.Build.0 = AppStore|iPhoneSimulator
		{2DB25C84-88A9-4C46-B4F9-21F4F98CACD3}.Debug|Any CPU.ActiveCfg = Debug|iPhone
		{2DB25C84-88A9-4C46-B4F9-21F4F98CACD3}.Debug|iPhone.ActiveCfg = Debug|iPhone
		{2DB25C84-88A9-4C46-B4F9-21F4F98CACD3}.Debug|iPhone.Build.0 = Debug|iPhone
		{2DB25C84-88A9-4C46-B4F9-21F4F98CACD3}.Debug|iPhoneSimulator.ActiveCfg = Debug|iPhoneSimulator
		{2DB25C84-88A9-4C46-B4F9-21F4F98CACD3}.Debug|iPhoneSimulator.Build.0 = Debug|iPhoneSimulator
		{2DB25C84-88A9-4C46-B4F9-21F4F98CACD3}.Release|Any CPU.ActiveCfg = Release|iPhone
		{2DB25C84-88A9-4C46-B4F9-21F4F98CACD3}.Release|iPhone.ActiveCfg = Release|iPhone
		{2DB25C84-88A9-4C46-B4F9-21F4F98CACD3}.Release|iPhone.Build.0 = Release|iPhone
		{2DB25C84-88A9-4C46-B4F9-21F4F98CACD3}.Release|iPhoneSimulator.ActiveCfg = Release|iPhoneSimulator
		{2DB25C84-88A9-4C46-B4F9-21F4F98CACD3}.Release|iPhoneSimulator.Build.0 = Release|iPhoneSimulator
	EndGlobalSection
	GlobalSection(SolutionProperties) = preSolution
		HideSolutionNode = FALSE
	EndGlobalSection
	GlobalSection(ExtensibilityGlobals) = postSolution
		SolutionGuid = {6603A9E6-9E4F-4B70-9FB0-88CFA1C22DF9}
	EndGlobalSection
EndGlobal
