
Microsoft Visual Studio Solution File, Format Version 12.00
# Visual Studio Version 17
VisualStudioVersion = 17.0.31903.59
MinimumVisualStudioVersion = 10.0.40219.1
Project("{2150E333-8FDC-42A3-9474-1A3956D46DE8}") = "src", "src", "{10C84FB3-12EA-4CF8-8040-294CE870B571}"
EndProject
Project("{FAE04EC0-301F-11D3-BF4B-00C04F79EFBC}") = "WebApplication1", "src\WebApplication1\WebApplication1.csproj", "{0DEFF49B-2693-4D21-BAA8-3B357FF2B32F}"
EndProject
Global
	GlobalSection(SolutionConfigurationPlatforms) = preSolution
		Debug|Any CPU = Debug|Any CPU
		Release|Any CPU = Release|Any CPU
	EndGlobalSection
	GlobalSection(SolutionProperties) = preSolution
		HideSolutionNode = FALSE
	EndGlobalSection
	GlobalSection(ProjectConfigurationPlatforms) = postSolution
		{0DEFF49B-2693-4D21-BAA8-3B357FF2B32F}.Debug|Any CPU.ActiveCfg = Debug|Any CPU
		{0DEFF49B-2693-4D21-BAA8-3B357FF2B32F}.Debug|Any CPU.Build.0 = Debug|Any CPU
		{0DEFF49B-2693-4D21-BAA8-3B357FF2B32F}.Release|Any CPU.ActiveCfg = Release|Any CPU
		{0DEFF49B-2693-4D21-BAA8-3B357FF2B32F}.Release|Any CPU.Build.0 = Release|Any CPU
	EndGlobalSection
	GlobalSection(NestedProjects) = preSolution
		{0DEFF49B-2693-4D21-BAA8-3B357FF2B32F} = {10C84FB3-12EA-4CF8-8040-294CE870B571}
	EndGlobalSection
EndGlobal
