
Microsoft Visual Studio Solution File, Format Version 12.00
# Visual Studio 15
VisualStudioVersion = 15.0.26730.10
MinimumVisualStudioVersion = 10.0.40219.1

Project("{D954291E-2A0B-460D-934E-DC6B0785DB48}") = "Mobile01", "Mobile01\Mobile01\Mobile01.shproj", "{8451E134-98D5-4B5E-8E8D-B0ADCB7667DD}"
EndProject


Project("{FAE04EC0-301F-11D3-BF4B-00C04F79EFBC}") = "Mobile01.iOS", "Mobile01\Mobile01.iOS\Mobile01.iOS.csproj", "{101F78A1-F00E-42E1-8677-85551FD30BDE}"
EndProject


Project("{FAE04EC0-301F-11D3-BF4B-00C04F79EFBC}") = "Mobile01.Android", "Mobile01\Mobile01.Android\Mobile01.Android.csproj", "{600B9DEC-26E8-4FBB-AF3C-A3E85EF3079B}"
EndProject

Project("{FAE04EC0-301F-11D3-BF4B-00C04F79EFBC}") = "Mobile01.UWP", "Mobile01\Mobile01.UWP\Mobile01.UWP.csproj", "{525F4A85-2111-41E3-A439-0CADFBD73D1E}"
EndProject

Global
	GlobalSection(SolutionConfigurationPlatforms) = preSolution
		Ad-Hoc|Any CPU = Ad-Hoc|Any CPU
		Ad-Hoc|ARM = Ad-Hoc|ARM
		Ad-Hoc|iPhone = Ad-Hoc|iPhone
		Ad-Hoc|iPhoneSimulator = Ad-Hoc|iPhoneSimulator
		Ad-Hoc|x64 = Ad-Hoc|x64
		Ad-Hoc|x86 = Ad-Hoc|x86
		AppStore|Any CPU = AppStore|Any CPU
		AppStore|ARM = AppStore|ARM
		AppStore|iPhone = AppStore|iPhone
		AppStore|iPhoneSimulator = AppStore|iPhoneSimulator
		AppStore|x64 = AppStore|x64
		AppStore|x86 = AppStore|x86
		Debug|Any CPU = Debug|Any CPU
		Debug|ARM = Debug|ARM
		Debug|iPhone = Debug|iPhone
		Debug|iPhoneSimulator = Debug|iPhoneSimulator
		Debug|x64 = Debug|x64
		Debug|x86 = Debug|x86
		Release|Any CPU = Release|Any CPU
		Release|ARM = Release|ARM
		Release|iPhone = Release|iPhone
		Release|iPhoneSimulator = Release|iPhoneSimulator
		Release|x64 = Release|x64
		Release|x86 = Release|x86
	EndGlobalSection
	GlobalSection(ProjectConfigurationPlatforms) = postSolution
		{8D922931-7A6C-47C4-A0C6-6641509E831C}.Ad-Hoc|Any CPU.ActiveCfg = Debug|Any CPU
		{8D922931-7A6C-47C4-A0C6-6641509E831C}.Ad-Hoc|Any CPU.Build.0 = Debug|Any CPU
		{8D922931-7A6C-47C4-A0C6-6641509E831C}.Ad-Hoc|ARM.ActiveCfg = Debug|Any CPU
		{8D922931-7A6C-47C4-A0C6-6641509E831C}.Ad-Hoc|ARM.Build.0 = Debug|Any CPU
		{8D922931-7A6C-47C4-A0C6-6641509E831C}.Ad-Hoc|iPhone.ActiveCfg = Debug|Any CPU
		{8D922931-7A6C-47C4-A0C6-6641509E831C}.Ad-Hoc|iPhone.Build.0 = Debug|Any CPU
		{8D922931-7A6C-47C4-A0C6-6641509E831C}.Ad-Hoc|iPhoneSimulator.ActiveCfg = Debug|Any CPU
		{8D922931-7A6C-47C4-A0C6-6641509E831C}.Ad-Hoc|iPhoneSimulator.Build.0 = Debug|Any CPU
		{8D922931-7A6C-47C4-A0C6-6641509E831C}.Ad-Hoc|x64.ActiveCfg = Debug|Any CPU
		{8D922931-7A6C-47C4-A0C6-6641509E831C}.Ad-Hoc|x64.Build.0 = Debug|Any CPU
		{8D922931-7A6C-47C4-A0C6-6641509E831C}.Ad-Hoc|x86.ActiveCfg = Debug|Any CPU
		{8D922931-7A6C-47C4-A0C6-6641509E831C}.Ad-Hoc|x86.Build.0 = Debug|Any CPU
		{8D922931-7A6C-47C4-A0C6-6641509E831C}.AppStore|Any CPU.ActiveCfg = Debug|Any CPU
		{8D922931-7A6C-47C4-A0C6-6641509E831C}.AppStore|Any CPU.Build.0 = Debug|Any CPU
		{8D922931-7A6C-47C4-A0C6-6641509E831C}.AppStore|ARM.ActiveCfg = Debug|Any CPU
		{8D922931-7A6C-47C4-A0C6-6641509E831C}.AppStore|ARM.Build.0 = Debug|Any CPU
		{8D922931-7A6C-47C4-A0C6-6641509E831C}.AppStore|iPhone.ActiveCfg = Debug|Any CPU
		{8D922931-7A6C-47C4-A0C6-6641509E831C}.AppStore|iPhone.Build.0 = Debug|Any CPU
		{8D922931-7A6C-47C4-A0C6-6641509E831C}.AppStore|iPhoneSimulator.ActiveCfg = Debug|Any CPU
		{8D922931-7A6C-47C4-A0C6-6641509E831C}.AppStore|iPhoneSimulator.Build.0 = Debug|Any CPU
		{8D922931-7A6C-47C4-A0C6-6641509E831C}.AppStore|x64.ActiveCfg = Debug|Any CPU
		{8D922931-7A6C-47C4-A0C6-6641509E831C}.AppStore|x64.Build.0 = Debug|Any CPU
		{8D922931-7A6C-47C4-A0C6-6641509E831C}.AppStore|x86.ActiveCfg = Debug|Any CPU
		{8D922931-7A6C-47C4-A0C6-6641509E831C}.AppStore|x86.Build.0 = Debug|Any CPU
		{8D922931-7A6C-47C4-A0C6-6641509E831C}.Debug|Any CPU.ActiveCfg = Debug|Any CPU
		{8D922931-7A6C-47C4-A0C6-6641509E831C}.Debug|Any CPU.Build.0 = Debug|Any CPU
		{8D922931-7A6C-47C4-A0C6-6641509E831C}.Debug|ARM.ActiveCfg = Debug|Any CPU
		{8D922931-7A6C-47C4-A0C6-6641509E831C}.Debug|ARM.Build.0 = Debug|Any CPU
		{8D922931-7A6C-47C4-A0C6-6641509E831C}.Debug|iPhone.ActiveCfg = Debug|Any CPU
		{8D922931-7A6C-47C4-A0C6-6641509E831C}.Debug|iPhone.Build.0 = Debug|Any CPU
		{8D922931-7A6C-47C4-A0C6-6641509E831C}.Debug|iPhoneSimulator.ActiveCfg = Debug|Any CPU
		{8D922931-7A6C-47C4-A0C6-6641509E831C}.Debug|iPhoneSimulator.Build.0 = Debug|Any CPU
		{8D922931-7A6C-47C4-A0C6-6641509E831C}.Debug|x64.ActiveCfg = Debug|Any CPU
		{8D922931-7A6C-47C4-A0C6-6641509E831C}.Debug|x64.Build.0 = Debug|Any CPU
		{8D922931-7A6C-47C4-A0C6-6641509E831C}.Debug|x86.ActiveCfg = Debug|Any CPU
		{8D922931-7A6C-47C4-A0C6-6641509E831C}.Debug|x86.Build.0 = Debug|Any CPU
		{8D922931-7A6C-47C4-A0C6-6641509E831C}.Release|Any CPU.ActiveCfg = Release|Any CPU
		{8D922931-7A6C-47C4-A0C6-6641509E831C}.Release|Any CPU.Build.0 = Release|Any CPU
		{8D922931-7A6C-47C4-A0C6-6641509E831C}.Release|ARM.ActiveCfg = Release|Any CPU
		{8D922931-7A6C-47C4-A0C6-6641509E831C}.Release|ARM.Build.0 = Release|Any CPU
		{8D922931-7A6C-47C4-A0C6-6641509E831C}.Release|iPhone.ActiveCfg = Release|Any CPU
		{8D922931-7A6C-47C4-A0C6-6641509E831C}.Release|iPhone.Build.0 = Release|Any CPU
		{8D922931-7A6C-47C4-A0C6-6641509E831C}.Release|iPhoneSimulator.ActiveCfg = Release|Any CPU
		{8D922931-7A6C-47C4-A0C6-6641509E831C}.Release|iPhoneSimulator.Build.0 = Release|Any CPU
		{8D922931-7A6C-47C4-A0C6-6641509E831C}.Release|x64.ActiveCfg = Release|Any CPU
		{8D922931-7A6C-47C4-A0C6-6641509E831C}.Release|x64.Build.0 = Release|Any CPU
		{8D922931-7A6C-47C4-A0C6-6641509E831C}.Release|x86.ActiveCfg = Release|Any CPU
		{8D922931-7A6C-47C4-A0C6-6641509E831C}.Release|x86.Build.0 = Release|Any CPU
		{101F78A1-F00E-42E1-8677-85551FD30BDE}.Ad-Hoc|Any CPU.ActiveCfg = Ad-Hoc|iPhone
		{101F78A1-F00E-42E1-8677-85551FD30BDE}.Ad-Hoc|ARM.ActiveCfg = Ad-Hoc|iPhone
		{101F78A1-F00E-42E1-8677-85551FD30BDE}.Ad-Hoc|iPhone.ActiveCfg = Ad-Hoc|iPhone
		{101F78A1-F00E-42E1-8677-85551FD30BDE}.Ad-Hoc|iPhone.Build.0 = Ad-Hoc|iPhone
		{101F78A1-F00E-42E1-8677-85551FD30BDE}.Ad-Hoc|iPhoneSimulator.ActiveCfg = Ad-Hoc|iPhoneSimulator
		{101F78A1-F00E-42E1-8677-85551FD30BDE}.Ad-Hoc|iPhoneSimulator.Build.0 = Ad-Hoc|iPhoneSimulator
		{101F78A1-F00E-42E1-8677-85551FD30BDE}.Ad-Hoc|x64.ActiveCfg = Ad-Hoc|iPhone
		{101F78A1-F00E-42E1-8677-85551FD30BDE}.Ad-Hoc|x86.ActiveCfg = Ad-Hoc|iPhone
		{101F78A1-F00E-42E1-8677-85551FD30BDE}.AppStore|Any CPU.ActiveCfg = AppStore|iPhone
		{101F78A1-F00E-42E1-8677-85551FD30BDE}.AppStore|ARM.ActiveCfg = AppStore|iPhone
		{101F78A1-F00E-42E1-8677-85551FD30BDE}.AppStore|iPhone.ActiveCfg = AppStore|iPhone
		{101F78A1-F00E-42E1-8677-85551FD30BDE}.AppStore|iPhone.Build.0 = AppStore|iPhone
		{101F78A1-F00E-42E1-8677-85551FD30BDE}.AppStore|iPhoneSimulator.ActiveCfg = AppStore|iPhoneSimulator
		{101F78A1-F00E-42E1-8677-85551FD30BDE}.AppStore|iPhoneSimulator.Build.0 = AppStore|iPhoneSimulator
		{101F78A1-F00E-42E1-8677-85551FD30BDE}.AppStore|x64.ActiveCfg = AppStore|iPhone
		{101F78A1-F00E-42E1-8677-85551FD30BDE}.AppStore|x86.ActiveCfg = AppStore|iPhone
		{101F78A1-F00E-42E1-8677-85551FD30BDE}.Debug|Any CPU.ActiveCfg = Debug|iPhone
		{101F78A1-F00E-42E1-8677-85551FD30BDE}.Debug|ARM.ActiveCfg = Debug|iPhone
		{101F78A1-F00E-42E1-8677-85551FD30BDE}.Debug|iPhone.ActiveCfg = Debug|iPhone
		{101F78A1-F00E-42E1-8677-85551FD30BDE}.Debug|iPhone.Build.0 = Debug|iPhone
		{101F78A1-F00E-42E1-8677-85551FD30BDE}.Debug|iPhoneSimulator.ActiveCfg = Debug|iPhoneSimulator
		{101F78A1-F00E-42E1-8677-85551FD30BDE}.Debug|iPhoneSimulator.Build.0 = Debug|iPhoneSimulator
		{101F78A1-F00E-42E1-8677-85551FD30BDE}.Debug|x64.ActiveCfg = Debug|iPhone
		{101F78A1-F00E-42E1-8677-85551FD30BDE}.Debug|x86.ActiveCfg = Debug|iPhone
		{101F78A1-F00E-42E1-8677-85551FD30BDE}.Release|Any CPU.ActiveCfg = Release|iPhone
		{101F78A1-F00E-42E1-8677-85551FD30BDE}.Release|ARM.ActiveCfg = Release|iPhone
		{101F78A1-F00E-42E1-8677-85551FD30BDE}.Release|iPhone.ActiveCfg = Release|iPhone
		{101F78A1-F00E-42E1-8677-85551FD30BDE}.Release|iPhone.Build.0 = Release|iPhone
		{101F78A1-F00E-42E1-8677-85551FD30BDE}.Release|iPhoneSimulator.ActiveCfg = Release|iPhoneSimulator
		{101F78A1-F00E-42E1-8677-85551FD30BDE}.Release|iPhoneSimulator.Build.0 = Release|iPhoneSimulator
		{101F78A1-F00E-42E1-8677-85551FD30BDE}.Release|x64.ActiveCfg = Release|iPhone
		{101F78A1-F00E-42E1-8677-85551FD30BDE}.Release|x86.ActiveCfg = Release|iPhone
		{525F4A85-2111-41E3-A439-0CADFBD73D1E}.Ad-Hoc|Any CPU.ActiveCfg = Release|x86
		{525F4A85-2111-41E3-A439-0CADFBD73D1E}.Ad-Hoc|Any CPU.Build.0 = Release|x86
		{525F4A85-2111-41E3-A439-0CADFBD73D1E}.Ad-Hoc|Any CPU.Deploy.0 = Release|x86
		{525F4A85-2111-41E3-A439-0CADFBD73D1E}.Ad-Hoc|ARM.ActiveCfg = Release|ARM
		{525F4A85-2111-41E3-A439-0CADFBD73D1E}.Ad-Hoc|ARM.Build.0 = Release|ARM
		{525F4A85-2111-41E3-A439-0CADFBD73D1E}.Ad-Hoc|ARM.Deploy.0 = Release|ARM
		{525F4A85-2111-41E3-A439-0CADFBD73D1E}.Ad-Hoc|iPhone.ActiveCfg = Release|x86
		{525F4A85-2111-41E3-A439-0CADFBD73D1E}.Ad-Hoc|iPhone.Build.0 = Release|x86
		{525F4A85-2111-41E3-A439-0CADFBD73D1E}.Ad-Hoc|iPhone.Deploy.0 = Release|x86
		{525F4A85-2111-41E3-A439-0CADFBD73D1E}.Ad-Hoc|iPhoneSimulator.ActiveCfg = Release|x86
		{525F4A85-2111-41E3-A439-0CADFBD73D1E}.Ad-Hoc|iPhoneSimulator.Build.0 = Release|x86
		{525F4A85-2111-41E3-A439-0CADFBD73D1E}.Ad-Hoc|iPhoneSimulator.Deploy.0 = Release|x86
		{525F4A85-2111-41E3-A439-0CADFBD73D1E}.Ad-Hoc|x64.ActiveCfg = Release|x64
		{525F4A85-2111-41E3-A439-0CADFBD73D1E}.Ad-Hoc|x64.Build.0 = Release|x64
		{525F4A85-2111-41E3-A439-0CADFBD73D1E}.Ad-Hoc|x64.Deploy.0 = Release|x64
		{525F4A85-2111-41E3-A439-0CADFBD73D1E}.Ad-Hoc|x86.ActiveCfg = Release|x86
		{525F4A85-2111-41E3-A439-0CADFBD73D1E}.Ad-Hoc|x86.Build.0 = Release|x86
		{525F4A85-2111-41E3-A439-0CADFBD73D1E}.Ad-Hoc|x86.Deploy.0 = Release|x86
		{525F4A85-2111-41E3-A439-0CADFBD73D1E}.AppStore|Any CPU.ActiveCfg = Release|x86
		{525F4A85-2111-41E3-A439-0CADFBD73D1E}.AppStore|Any CPU.Build.0 = Release|x86
		{525F4A85-2111-41E3-A439-0CADFBD73D1E}.AppStore|Any CPU.Deploy.0 = Release|x86
		{525F4A85-2111-41E3-A439-0CADFBD73D1E}.AppStore|ARM.ActiveCfg = Release|ARM
		{525F4A85-2111-41E3-A439-0CADFBD73D1E}.AppStore|ARM.Build.0 = Release|ARM
		{525F4A85-2111-41E3-A439-0CADFBD73D1E}.AppStore|ARM.Deploy.0 = Release|ARM
		{525F4A85-2111-41E3-A439-0CADFBD73D1E}.AppStore|iPhone.ActiveCfg = Release|x86
		{525F4A85-2111-41E3-A439-0CADFBD73D1E}.AppStore|iPhone.Build.0 = Release|x86
		{525F4A85-2111-41E3-A439-0CADFBD73D1E}.AppStore|iPhone.Deploy.0 = Release|x86
		{525F4A85-2111-41E3-A439-0CADFBD73D1E}.AppStore|iPhoneSimulator.ActiveCfg = Release|x86
		{525F4A85-2111-41E3-A439-0CADFBD73D1E}.AppStore|iPhoneSimulator.Build.0 = Release|x86
		{525F4A85-2111-41E3-A439-0CADFBD73D1E}.AppStore|iPhoneSimulator.Deploy.0 = Release|x86
		{525F4A85-2111-41E3-A439-0CADFBD73D1E}.AppStore|x64.ActiveCfg = Release|x64
		{525F4A85-2111-41E3-A439-0CADFBD73D1E}.AppStore|x64.Build.0 = Release|x64
		{525F4A85-2111-41E3-A439-0CADFBD73D1E}.AppStore|x64.Deploy.0 = Release|x64
		{525F4A85-2111-41E3-A439-0CADFBD73D1E}.AppStore|x86.ActiveCfg = Release|x86
		{525F4A85-2111-41E3-A439-0CADFBD73D1E}.AppStore|x86.Build.0 = Release|x86
		{525F4A85-2111-41E3-A439-0CADFBD73D1E}.AppStore|x86.Deploy.0 = Release|x86
		{525F4A85-2111-41E3-A439-0CADFBD73D1E}.Debug|Any CPU.ActiveCfg = Debug|x86
		{525F4A85-2111-41E3-A439-0CADFBD73D1E}.Debug|ARM.ActiveCfg = Debug|ARM
		{525F4A85-2111-41E3-A439-0CADFBD73D1E}.Debug|ARM.Build.0 = Debug|ARM
		{525F4A85-2111-41E3-A439-0CADFBD73D1E}.Debug|ARM.Deploy.0 = Debug|ARM
		{525F4A85-2111-41E3-A439-0CADFBD73D1E}.Debug|iPhone.ActiveCfg = Debug|x86
		{525F4A85-2111-41E3-A439-0CADFBD73D1E}.Debug|iPhoneSimulator.ActiveCfg = Debug|x86
		{525F4A85-2111-41E3-A439-0CADFBD73D1E}.Debug|x64.ActiveCfg = Debug|x64
		{525F4A85-2111-41E3-A439-0CADFBD73D1E}.Debug|x64.Build.0 = Debug|x64
		{525F4A85-2111-41E3-A439-0CADFBD73D1E}.Debug|x64.Deploy.0 = Debug|x64
		{525F4A85-2111-41E3-A439-0CADFBD73D1E}.Debug|x86.ActiveCfg = Debug|x86
		{525F4A85-2111-41E3-A439-0CADFBD73D1E}.Debug|x86.Build.0 = Debug|x86
		{525F4A85-2111-41E3-A439-0CADFBD73D1E}.Debug|x86.Deploy.0 = Debug|x86
		{525F4A85-2111-41E3-A439-0CADFBD73D1E}.Release|Any CPU.ActiveCfg = Release|x86
		{525F4A85-2111-41E3-A439-0CADFBD73D1E}.Release|ARM.ActiveCfg = Release|ARM
		{525F4A85-2111-41E3-A439-0CADFBD73D1E}.Release|ARM.Build.0 = Release|ARM
		{525F4A85-2111-41E3-A439-0CADFBD73D1E}.Release|ARM.Deploy.0 = Release|ARM
		{525F4A85-2111-41E3-A439-0CADFBD73D1E}.Release|iPhone.ActiveCfg = Release|x86
		{525F4A85-2111-41E3-A439-0CADFBD73D1E}.Release|iPhoneSimulator.ActiveCfg = Release|x86
		{525F4A85-2111-41E3-A439-0CADFBD73D1E}.Release|x64.ActiveCfg = Release|x64
		{525F4A85-2111-41E3-A439-0CADFBD73D1E}.Release|x64.Build.0 = Release|x64
		{525F4A85-2111-41E3-A439-0CADFBD73D1E}.Release|x64.Deploy.0 = Release|x64
		{525F4A85-2111-41E3-A439-0CADFBD73D1E}.Release|x86.ActiveCfg = Release|x86
		{525F4A85-2111-41E3-A439-0CADFBD73D1E}.Release|x86.Build.0 = Release|x86
		{525F4A85-2111-41E3-A439-0CADFBD73D1E}.Release|x86.Deploy.0 = Release|x86
		{20FDA6ED-B68E-4610-807B-F358668F181E}.Ad-Hoc|Any CPU.ActiveCfg = Release|Any CPU
		{20FDA6ED-B68E-4610-807B-F358668F181E}.Ad-Hoc|Any CPU.Build.0 = Release|Any CPU
		{20FDA6ED-B68E-4610-807B-F358668F181E}.Ad-Hoc|Any CPU.Deploy.0 = Release|Any CPU
		{20FDA6ED-B68E-4610-807B-F358668F181E}.Ad-Hoc|ARM.ActiveCfg = Release|Any CPU
		{20FDA6ED-B68E-4610-807B-F358668F181E}.Ad-Hoc|ARM.Build.0 = Release|Any CPU
		{20FDA6ED-B68E-4610-807B-F358668F181E}.Ad-Hoc|ARM.Deploy.0 = Release|Any CPU
		{20FDA6ED-B68E-4610-807B-F358668F181E}.Ad-Hoc|iPhone.ActiveCfg = Release|Any CPU
		{20FDA6ED-B68E-4610-807B-F358668F181E}.Ad-Hoc|iPhone.Build.0 = Release|Any CPU
		{20FDA6ED-B68E-4610-807B-F358668F181E}.Ad-Hoc|iPhone.Deploy.0 = Release|Any CPU
		{20FDA6ED-B68E-4610-807B-F358668F181E}.Ad-Hoc|iPhoneSimulator.ActiveCfg = Release|Any CPU
		{20FDA6ED-B68E-4610-807B-F358668F181E}.Ad-Hoc|iPhoneSimulator.Build.0 = Release|Any CPU
		{20FDA6ED-B68E-4610-807B-F358668F181E}.Ad-Hoc|iPhoneSimulator.Deploy.0 = Release|Any CPU
		{20FDA6ED-B68E-4610-807B-F358668F181E}.Ad-Hoc|x64.ActiveCfg = Release|Any CPU
		{20FDA6ED-B68E-4610-807B-F358668F181E}.Ad-Hoc|x64.Build.0 = Release|Any CPU
		{20FDA6ED-B68E-4610-807B-F358668F181E}.Ad-Hoc|x64.Deploy.0 = Release|Any CPU
		{20FDA6ED-B68E-4610-807B-F358668F181E}.Ad-Hoc|x86.ActiveCfg = Release|Any CPU
		{20FDA6ED-B68E-4610-807B-F358668F181E}.Ad-Hoc|x86.Build.0 = Release|Any CPU
		{20FDA6ED-B68E-4610-807B-F358668F181E}.Ad-Hoc|x86.Deploy.0 = Release|Any CPU
		{20FDA6ED-B68E-4610-807B-F358668F181E}.AppStore|Any CPU.ActiveCfg = Release|Any CPU
		{20FDA6ED-B68E-4610-807B-F358668F181E}.AppStore|Any CPU.Build.0 = Release|Any CPU
		{20FDA6ED-B68E-4610-807B-F358668F181E}.AppStore|Any CPU.Deploy.0 = Release|Any CPU
		{20FDA6ED-B68E-4610-807B-F358668F181E}.AppStore|ARM.ActiveCfg = Release|Any CPU
		{20FDA6ED-B68E-4610-807B-F358668F181E}.AppStore|ARM.Build.0 = Release|Any CPU
		{20FDA6ED-B68E-4610-807B-F358668F181E}.AppStore|ARM.Deploy.0 = Release|Any CPU
		{20FDA6ED-B68E-4610-807B-F358668F181E}.AppStore|iPhone.ActiveCfg = Release|Any CPU
		{20FDA6ED-B68E-4610-807B-F358668F181E}.AppStore|iPhone.Build.0 = Release|Any CPU
		{20FDA6ED-B68E-4610-807B-F358668F181E}.AppStore|iPhone.Deploy.0 = Release|Any CPU
		{20FDA6ED-B68E-4610-807B-F358668F181E}.AppStore|iPhoneSimulator.ActiveCfg = Release|Any CPU
		{20FDA6ED-B68E-4610-807B-F358668F181E}.AppStore|iPhoneSimulator.Build.0 = Release|Any CPU
		{20FDA6ED-B68E-4610-807B-F358668F181E}.AppStore|iPhoneSimulator.Deploy.0 = Release|Any CPU
		{20FDA6ED-B68E-4610-807B-F358668F181E}.AppStore|x64.ActiveCfg = Release|Any CPU
		{20FDA6ED-B68E-4610-807B-F358668F181E}.AppStore|x64.Build.0 = Release|Any CPU
		{20FDA6ED-B68E-4610-807B-F358668F181E}.AppStore|x64.Deploy.0 = Release|Any CPU
		{20FDA6ED-B68E-4610-807B-F358668F181E}.AppStore|x86.ActiveCfg = Release|Any CPU
		{20FDA6ED-B68E-4610-807B-F358668F181E}.AppStore|x86.Build.0 = Release|Any CPU
		{20FDA6ED-B68E-4610-807B-F358668F181E}.AppStore|x86.Deploy.0 = Release|Any CPU
		{20FDA6ED-B68E-4610-807B-F358668F181E}.Debug|Any CPU.ActiveCfg = Debug|Any CPU
		{20FDA6ED-B68E-4610-807B-F358668F181E}.Debug|Any CPU.Build.0 = Debug|Any CPU
		{20FDA6ED-B68E-4610-807B-F358668F181E}.Debug|Any CPU.Deploy.0 = Debug|Any CPU
		{20FDA6ED-B68E-4610-807B-F358668F181E}.Debug|ARM.ActiveCfg = Debug|Any CPU
		{20FDA6ED-B68E-4610-807B-F358668F181E}.Debug|ARM.Build.0 = Debug|Any CPU
		{20FDA6ED-B68E-4610-807B-F358668F181E}.Debug|ARM.Deploy.0 = Debug|Any CPU
		{20FDA6ED-B68E-4610-807B-F358668F181E}.Debug|iPhone.ActiveCfg = Debug|Any CPU
		{20FDA6ED-B68E-4610-807B-F358668F181E}.Debug|iPhone.Build.0 = Debug|Any CPU
		{20FDA6ED-B68E-4610-807B-F358668F181E}.Debug|iPhone.Deploy.0 = Debug|Any CPU
		{20FDA6ED-B68E-4610-807B-F358668F181E}.Debug|iPhoneSimulator.ActiveCfg = Debug|Any CPU
		{20FDA6ED-B68E-4610-807B-F358668F181E}.Debug|iPhoneSimulator.Build.0 = Debug|Any CPU
		{20FDA6ED-B68E-4610-807B-F358668F181E}.Debug|iPhoneSimulator.Deploy.0 = Debug|Any CPU
		{20FDA6ED-B68E-4610-807B-F358668F181E}.Debug|x64.ActiveCfg = Debug|Any CPU
		{20FDA6ED-B68E-4610-807B-F358668F181E}.Debug|x64.Build.0 = Debug|Any CPU
		{20FDA6ED-B68E-4610-807B-F358668F181E}.Debug|x64.Deploy.0 = Debug|Any CPU
		{20FDA6ED-B68E-4610-807B-F358668F181E}.Debug|x86.ActiveCfg = Debug|Any CPU
		{20FDA6ED-B68E-4610-807B-F358668F181E}.Debug|x86.Build.0 = Debug|Any CPU
		{20FDA6ED-B68E-4610-807B-F358668F181E}.Debug|x86.Deploy.0 = Debug|Any CPU
		{20FDA6ED-B68E-4610-807B-F358668F181E}.Release|Any CPU.ActiveCfg = Release|Any CPU
		{20FDA6ED-B68E-4610-807B-F358668F181E}.Release|Any CPU.Build.0 = Release|Any CPU
		{20FDA6ED-B68E-4610-807B-F358668F181E}.Release|Any CPU.Deploy.0 = Release|Any CPU
		{20FDA6ED-B68E-4610-807B-F358668F181E}.Release|ARM.ActiveCfg = Release|Any CPU
		{20FDA6ED-B68E-4610-807B-F358668F181E}.Release|ARM.Build.0 = Release|Any CPU
		{20FDA6ED-B68E-4610-807B-F358668F181E}.Release|ARM.Deploy.0 = Release|Any CPU
		{20FDA6ED-B68E-4610-807B-F358668F181E}.Release|iPhone.ActiveCfg = Release|Any CPU
		{20FDA6ED-B68E-4610-807B-F358668F181E}.Release|iPhone.Build.0 = Release|Any CPU
		{20FDA6ED-B68E-4610-807B-F358668F181E}.Release|iPhone.Deploy.0 = Release|Any CPU
		{20FDA6ED-B68E-4610-807B-F358668F181E}.Release|iPhoneSimulator.ActiveCfg = Release|Any CPU
		{20FDA6ED-B68E-4610-807B-F358668F181E}.Release|iPhoneSimulator.Build.0 = Release|Any CPU
		{20FDA6ED-B68E-4610-807B-F358668F181E}.Release|iPhoneSimulator.Deploy.0 = Release|Any CPU
		{20FDA6ED-B68E-4610-807B-F358668F181E}.Release|x64.ActiveCfg = Release|Any CPU
		{20FDA6ED-B68E-4610-807B-F358668F181E}.Release|x64.Build.0 = Release|Any CPU
		{20FDA6ED-B68E-4610-807B-F358668F181E}.Release|x64.Deploy.0 = Release|Any CPU
		{20FDA6ED-B68E-4610-807B-F358668F181E}.Release|x86.ActiveCfg = Release|Any CPU
		{20FDA6ED-B68E-4610-807B-F358668F181E}.Release|x86.Build.0 = Release|Any CPU
		{20FDA6ED-B68E-4610-807B-F358668F181E}.Release|x86.Deploy.0 = Release|Any CPU
		{B445DF73-AC9E-4276-9FBA-7CB5AD5D2518}.Ad-Hoc|Any CPU.ActiveCfg = Release|Any CPU
		{B445DF73-AC9E-4276-9FBA-7CB5AD5D2518}.Ad-Hoc|Any CPU.Build.0 = Release|Any CPU
		{B445DF73-AC9E-4276-9FBA-7CB5AD5D2518}.Ad-Hoc|ARM.ActiveCfg = Release|Any CPU
		{B445DF73-AC9E-4276-9FBA-7CB5AD5D2518}.Ad-Hoc|ARM.Build.0 = Release|Any CPU
		{B445DF73-AC9E-4276-9FBA-7CB5AD5D2518}.Ad-Hoc|iPhone.ActiveCfg = Release|Any CPU
		{B445DF73-AC9E-4276-9FBA-7CB5AD5D2518}.Ad-Hoc|iPhone.Build.0 = Release|Any CPU
		{B445DF73-AC9E-4276-9FBA-7CB5AD5D2518}.Ad-Hoc|iPhoneSimulator.ActiveCfg = Release|Any CPU
		{B445DF73-AC9E-4276-9FBA-7CB5AD5D2518}.Ad-Hoc|iPhoneSimulator.Build.0 = Release|Any CPU
		{B445DF73-AC9E-4276-9FBA-7CB5AD5D2518}.Ad-Hoc|x64.ActiveCfg = Release|Any CPU
		{B445DF73-AC9E-4276-9FBA-7CB5AD5D2518}.Ad-Hoc|x64.Build.0 = Release|Any CPU
		{B445DF73-AC9E-4276-9FBA-7CB5AD5D2518}.Ad-Hoc|x86.ActiveCfg = Release|Any CPU
		{B445DF73-AC9E-4276-9FBA-7CB5AD5D2518}.Ad-Hoc|x86.Build.0 = Release|Any CPU
		{B445DF73-AC9E-4276-9FBA-7CB5AD5D2518}.AppStore|Any CPU.ActiveCfg = Release|Any CPU
		{B445DF73-AC9E-4276-9FBA-7CB5AD5D2518}.AppStore|Any CPU.Build.0 = Release|Any CPU
		{B445DF73-AC9E-4276-9FBA-7CB5AD5D2518}.AppStore|ARM.ActiveCfg = Release|Any CPU
		{B445DF73-AC9E-4276-9FBA-7CB5AD5D2518}.AppStore|ARM.Build.0 = Release|Any CPU
		{B445DF73-AC9E-4276-9FBA-7CB5AD5D2518}.AppStore|iPhone.ActiveCfg = Release|Any CPU
		{B445DF73-AC9E-4276-9FBA-7CB5AD5D2518}.AppStore|iPhone.Build.0 = Release|Any CPU
		{B445DF73-AC9E-4276-9FBA-7CB5AD5D2518}.AppStore|iPhoneSimulator.ActiveCfg = Release|Any CPU
		{B445DF73-AC9E-4276-9FBA-7CB5AD5D2518}.AppStore|iPhoneSimulator.Build.0 = Release|Any CPU
		{B445DF73-AC9E-4276-9FBA-7CB5AD5D2518}.AppStore|x64.ActiveCfg = Release|Any CPU
		{B445DF73-AC9E-4276-9FBA-7CB5AD5D2518}.AppStore|x64.Build.0 = Release|Any CPU
		{B445DF73-AC9E-4276-9FBA-7CB5AD5D2518}.AppStore|x86.ActiveCfg = Release|Any CPU
		{B445DF73-AC9E-4276-9FBA-7CB5AD5D2518}.AppStore|x86.Build.0 = Release|Any CPU
		{B445DF73-AC9E-4276-9FBA-7CB5AD5D2518}.Debug|Any CPU.ActiveCfg = Debug|Any CPU
		{B445DF73-AC9E-4276-9FBA-7CB5AD5D2518}.Debug|Any CPU.Build.0 = Debug|Any CPU
		{B445DF73-AC9E-4276-9FBA-7CB5AD5D2518}.Debug|ARM.ActiveCfg = Debug|Any CPU
		{B445DF73-AC9E-4276-9FBA-7CB5AD5D2518}.Debug|ARM.Build.0 = Debug|Any CPU
		{B445DF73-AC9E-4276-9FBA-7CB5AD5D2518}.Debug|iPhone.ActiveCfg = Debug|Any CPU
		{B445DF73-AC9E-4276-9FBA-7CB5AD5D2518}.Debug|iPhone.Build.0 = Debug|Any CPU
		{B445DF73-AC9E-4276-9FBA-7CB5AD5D2518}.Debug|iPhoneSimulator.ActiveCfg = Debug|Any CPU
		{B445DF73-AC9E-4276-9FBA-7CB5AD5D2518}.Debug|iPhoneSimulator.Build.0 = Debug|Any CPU
		{B445DF73-AC9E-4276-9FBA-7CB5AD5D2518}.Debug|x64.ActiveCfg = Debug|Any CPU
		{B445DF73-AC9E-4276-9FBA-7CB5AD5D2518}.Debug|x64.Build.0 = Debug|Any CPU
		{B445DF73-AC9E-4276-9FBA-7CB5AD5D2518}.Debug|x86.ActiveCfg = Debug|Any CPU
		{B445DF73-AC9E-4276-9FBA-7CB5AD5D2518}.Debug|x86.Build.0 = Debug|Any CPU
		{B445DF73-AC9E-4276-9FBA-7CB5AD5D2518}.Release|Any CPU.ActiveCfg = Release|Any CPU
		{B445DF73-AC9E-4276-9FBA-7CB5AD5D2518}.Release|Any CPU.Build.0 = Release|Any CPU
		{B445DF73-AC9E-4276-9FBA-7CB5AD5D2518}.Release|ARM.ActiveCfg = Release|Any CPU
		{B445DF73-AC9E-4276-9FBA-7CB5AD5D2518}.Release|ARM.Build.0 = Release|Any CPU
		{B445DF73-AC9E-4276-9FBA-7CB5AD5D2518}.Release|iPhone.ActiveCfg = Release|Any CPU
		{B445DF73-AC9E-4276-9FBA-7CB5AD5D2518}.Release|iPhone.Build.0 = Release|Any CPU
		{B445DF73-AC9E-4276-9FBA-7CB5AD5D2518}.Release|iPhoneSimulator.ActiveCfg = Release|Any CPU
		{B445DF73-AC9E-4276-9FBA-7CB5AD5D2518}.Release|iPhoneSimulator.Build.0 = Release|Any CPU
		{B445DF73-AC9E-4276-9FBA-7CB5AD5D2518}.Release|x64.ActiveCfg = Release|Any CPU
		{B445DF73-AC9E-4276-9FBA-7CB5AD5D2518}.Release|x64.Build.0 = Release|Any CPU
		{B445DF73-AC9E-4276-9FBA-7CB5AD5D2518}.Release|x86.ActiveCfg = Release|Any CPU
		{B445DF73-AC9E-4276-9FBA-7CB5AD5D2518}.Release|x86.Build.0 = Release|Any CPU
	EndGlobalSection
	GlobalSection(SolutionProperties) = preSolution
		HideSolutionNode = FALSE
	EndGlobalSection
	GlobalSection(ExtensibilityGlobals) = postSolution
		SolutionGuid = {F6D05029-56B8-4E45-AF2D-0E76295DDBA2}
	EndGlobalSection
EndGlobal
