
Microsoft Visual Studio Solution File, Format Version 12.00
# Visual Studio 15
VisualStudioVersion = 15.0.27130.2026
MinimumVisualStudioVersion = 10.0.40219.1
Project("{FAE04EC0-301F-11D3-BF4B-00C04F79EFBC}") = "Refactor01.Android", "Refactor01\Refactor01.Android\Refactor01.Android.csproj", "{0A3732FA-9A36-4296-8E6D-AC51E4D21B8C}"
EndProject
Project("{FAE04EC0-301F-11D3-BF4B-00C04F79EFBC}") = "Refactor01.iOS", "Refactor01\Refactor01.iOS\Refactor01.iOS.csproj", "{638D4278-1FFA-4F0B-9A5F-8A7289238E31}"
EndProject
Project("{FAE04EC0-301F-11D3-BF4B-00C04F79EFBC}") = "Refactor01.UWP", "Refactor01\Refactor01.UWP\Refactor01.UWP.csproj", "{F5CEE8F1-36C9-46EC-96AB-F923A101E6E5}"
EndProject
Project("{D954291E-2A0B-460D-934E-DC6B0785DB48}") = "Refactor01", "Refactor01\Refactor01\Refactor01.shproj", "{463C6B33-9A7A-4003-8F22-79B4E3E7639B}"
EndProject
Global
	GlobalSection(SharedMSBuildProjectFiles) = preSolution
		Refactor01\Refactor01\Refactor01.projitems*{0a3732fa-9a36-4296-8e6d-ac51e4d21b8c}*SharedItemsImports = 4
		Refactor01\Refactor01\Refactor01.projitems*{463c6b33-9a7a-4003-8f22-79b4e3e7639b}*SharedItemsImports = 13
		Refactor01\Refactor01\Refactor01.projitems*{638d4278-1ffa-4f0b-9a5f-8a7289238e31}*SharedItemsImports = 4
		Refactor01\Refactor01\Refactor01.projitems*{f5cee8f1-36c9-46ec-96ab-f923a101e6e5}*SharedItemsImports = 4
	EndGlobalSection
	GlobalSection(SolutionConfigurationPlatforms) = preSolution
		Ad-Hoc|Any CPU = Ad-Hoc|Any CPU
		Ad-Hoc|ARM = Ad-Hoc|ARM
		Ad-Hoc|iPhone = Ad-Hoc|iPhone
		Ad-Hoc|iPhoneSimulator = Ad-Hoc|iPhoneSimulator
		Ad-Hoc|x64 = Ad-Hoc|x64
		Ad-Hoc|x86 = Ad-Hoc|x86
		AppStore|Any CPU = AppStore|Any CPU
		AppStore|ARM = AppStore|ARM
		AppStore|iPhone = AppStore|iPhone
		AppStore|iPhoneSimulator = AppStore|iPhoneSimulator
		AppStore|x64 = AppStore|x64
		AppStore|x86 = AppStore|x86
		Debug|Any CPU = Debug|Any CPU
		Debug|ARM = Debug|ARM
		Debug|iPhone = Debug|iPhone
		Debug|iPhoneSimulator = Debug|iPhoneSimulator
		Debug|x64 = Debug|x64
		Debug|x86 = Debug|x86
		Release|Any CPU = Release|Any CPU
		Release|ARM = Release|ARM
		Release|iPhone = Release|iPhone
		Release|iPhoneSimulator = Release|iPhoneSimulator
		Release|x64 = Release|x64
		Release|x86 = Release|x86
	EndGlobalSection
	GlobalSection(ProjectConfigurationPlatforms) = postSolution
		{0A3732FA-9A36-4296-8E6D-AC51E4D21B8C}.Ad-Hoc|Any CPU.ActiveCfg = Release|Any CPU
		{0A3732FA-9A36-4296-8E6D-AC51E4D21B8C}.Ad-Hoc|Any CPU.Build.0 = Release|Any CPU
		{0A3732FA-9A36-4296-8E6D-AC51E4D21B8C}.Ad-Hoc|Any CPU.Deploy.0 = Release|Any CPU
		{0A3732FA-9A36-4296-8E6D-AC51E4D21B8C}.Ad-Hoc|ARM.ActiveCfg = Release|Any CPU
		{0A3732FA-9A36-4296-8E6D-AC51E4D21B8C}.Ad-Hoc|ARM.Build.0 = Release|Any CPU
		{0A3732FA-9A36-4296-8E6D-AC51E4D21B8C}.Ad-Hoc|ARM.Deploy.0 = Release|Any CPU
		{0A3732FA-9A36-4296-8E6D-AC51E4D21B8C}.Ad-Hoc|iPhone.ActiveCfg = Release|Any CPU
		{0A3732FA-9A36-4296-8E6D-AC51E4D21B8C}.Ad-Hoc|iPhone.Build.0 = Release|Any CPU
		{0A3732FA-9A36-4296-8E6D-AC51E4D21B8C}.Ad-Hoc|iPhone.Deploy.0 = Release|Any CPU
		{0A3732FA-9A36-4296-8E6D-AC51E4D21B8C}.Ad-Hoc|iPhoneSimulator.ActiveCfg = Release|Any CPU
		{0A3732FA-9A36-4296-8E6D-AC51E4D21B8C}.Ad-Hoc|iPhoneSimulator.Build.0 = Release|Any CPU
		{0A3732FA-9A36-4296-8E6D-AC51E4D21B8C}.Ad-Hoc|iPhoneSimulator.Deploy.0 = Release|Any CPU
		{0A3732FA-9A36-4296-8E6D-AC51E4D21B8C}.Ad-Hoc|x64.ActiveCfg = Release|Any CPU
		{0A3732FA-9A36-4296-8E6D-AC51E4D21B8C}.Ad-Hoc|x64.Build.0 = Release|Any CPU
		{0A3732FA-9A36-4296-8E6D-AC51E4D21B8C}.Ad-Hoc|x64.Deploy.0 = Release|Any CPU
		{0A3732FA-9A36-4296-8E6D-AC51E4D21B8C}.Ad-Hoc|x86.ActiveCfg = Release|Any CPU
		{0A3732FA-9A36-4296-8E6D-AC51E4D21B8C}.Ad-Hoc|x86.Build.0 = Release|Any CPU
		{0A3732FA-9A36-4296-8E6D-AC51E4D21B8C}.Ad-Hoc|x86.Deploy.0 = Release|Any CPU
		{0A3732FA-9A36-4296-8E6D-AC51E4D21B8C}.AppStore|Any CPU.ActiveCfg = Release|Any CPU
		{0A3732FA-9A36-4296-8E6D-AC51E4D21B8C}.AppStore|Any CPU.Build.0 = Release|Any CPU
		{0A3732FA-9A36-4296-8E6D-AC51E4D21B8C}.AppStore|Any CPU.Deploy.0 = Release|Any CPU
		{0A3732FA-9A36-4296-8E6D-AC51E4D21B8C}.AppStore|ARM.ActiveCfg = Release|Any CPU
		{0A3732FA-9A36-4296-8E6D-AC51E4D21B8C}.AppStore|ARM.Build.0 = Release|Any CPU
		{0A3732FA-9A36-4296-8E6D-AC51E4D21B8C}.AppStore|ARM.Deploy.0 = Release|Any CPU
		{0A3732FA-9A36-4296-8E6D-AC51E4D21B8C}.AppStore|iPhone.ActiveCfg = Release|Any CPU
		{0A3732FA-9A36-4296-8E6D-AC51E4D21B8C}.AppStore|iPhone.Build.0 = Release|Any CPU
		{0A3732FA-9A36-4296-8E6D-AC51E4D21B8C}.AppStore|iPhone.Deploy.0 = Release|Any CPU
		{0A3732FA-9A36-4296-8E6D-AC51E4D21B8C}.AppStore|iPhoneSimulator.ActiveCfg = Release|Any CPU
		{0A3732FA-9A36-4296-8E6D-AC51E4D21B8C}.AppStore|iPhoneSimulator.Build.0 = Release|Any CPU
		{0A3732FA-9A36-4296-8E6D-AC51E4D21B8C}.AppStore|iPhoneSimulator.Deploy.0 = Release|Any CPU
		{0A3732FA-9A36-4296-8E6D-AC51E4D21B8C}.AppStore|x64.ActiveCfg = Release|Any CPU
		{0A3732FA-9A36-4296-8E6D-AC51E4D21B8C}.AppStore|x64.Build.0 = Release|Any CPU
		{0A3732FA-9A36-4296-8E6D-AC51E4D21B8C}.AppStore|x64.Deploy.0 = Release|Any CPU
		{0A3732FA-9A36-4296-8E6D-AC51E4D21B8C}.AppStore|x86.ActiveCfg = Release|Any CPU
		{0A3732FA-9A36-4296-8E6D-AC51E4D21B8C}.AppStore|x86.Build.0 = Release|Any CPU
		{0A3732FA-9A36-4296-8E6D-AC51E4D21B8C}.AppStore|x86.Deploy.0 = Release|Any CPU
		{0A3732FA-9A36-4296-8E6D-AC51E4D21B8C}.Debug|Any CPU.ActiveCfg = Debug|Any CPU
		{0A3732FA-9A36-4296-8E6D-AC51E4D21B8C}.Debug|Any CPU.Build.0 = Debug|Any CPU
		{0A3732FA-9A36-4296-8E6D-AC51E4D21B8C}.Debug|Any CPU.Deploy.0 = Debug|Any CPU
		{0A3732FA-9A36-4296-8E6D-AC51E4D21B8C}.Debug|ARM.ActiveCfg = Debug|Any CPU
		{0A3732FA-9A36-4296-8E6D-AC51E4D21B8C}.Debug|ARM.Build.0 = Debug|Any CPU
		{0A3732FA-9A36-4296-8E6D-AC51E4D21B8C}.Debug|ARM.Deploy.0 = Debug|Any CPU
		{0A3732FA-9A36-4296-8E6D-AC51E4D21B8C}.Debug|iPhone.ActiveCfg = Debug|Any CPU
		{0A3732FA-9A36-4296-8E6D-AC51E4D21B8C}.Debug|iPhone.Build.0 = Debug|Any CPU
		{0A3732FA-9A36-4296-8E6D-AC51E4D21B8C}.Debug|iPhone.Deploy.0 = Debug|Any CPU
		{0A3732FA-9A36-4296-8E6D-AC51E4D21B8C}.Debug|iPhoneSimulator.ActiveCfg = Debug|Any CPU
		{0A3732FA-9A36-4296-8E6D-AC51E4D21B8C}.Debug|iPhoneSimulator.Build.0 = Debug|Any CPU
		{0A3732FA-9A36-4296-8E6D-AC51E4D21B8C}.Debug|iPhoneSimulator.Deploy.0 = Debug|Any CPU
		{0A3732FA-9A36-4296-8E6D-AC51E4D21B8C}.Debug|x64.ActiveCfg = Debug|Any CPU
		{0A3732FA-9A36-4296-8E6D-AC51E4D21B8C}.Debug|x64.Build.0 = Debug|Any CPU
		{0A3732FA-9A36-4296-8E6D-AC51E4D21B8C}.Debug|x64.Deploy.0 = Debug|Any CPU
		{0A3732FA-9A36-4296-8E6D-AC51E4D21B8C}.Debug|x86.ActiveCfg = Debug|Any CPU
		{0A3732FA-9A36-4296-8E6D-AC51E4D21B8C}.Debug|x86.Build.0 = Debug|Any CPU
		{0A3732FA-9A36-4296-8E6D-AC51E4D21B8C}.Debug|x86.Deploy.0 = Debug|Any CPU
		{0A3732FA-9A36-4296-8E6D-AC51E4D21B8C}.Release|Any CPU.ActiveCfg = Release|Any CPU
		{0A3732FA-9A36-4296-8E6D-AC51E4D21B8C}.Release|Any CPU.Build.0 = Release|Any CPU
		{0A3732FA-9A36-4296-8E6D-AC51E4D21B8C}.Release|Any CPU.Deploy.0 = Release|Any CPU
		{0A3732FA-9A36-4296-8E6D-AC51E4D21B8C}.Release|ARM.ActiveCfg = Release|Any CPU
		{0A3732FA-9A36-4296-8E6D-AC51E4D21B8C}.Release|ARM.Build.0 = Release|Any CPU
		{0A3732FA-9A36-4296-8E6D-AC51E4D21B8C}.Release|ARM.Deploy.0 = Release|Any CPU
		{0A3732FA-9A36-4296-8E6D-AC51E4D21B8C}.Release|iPhone.ActiveCfg = Release|Any CPU
		{0A3732FA-9A36-4296-8E6D-AC51E4D21B8C}.Release|iPhone.Build.0 = Release|Any CPU
		{0A3732FA-9A36-4296-8E6D-AC51E4D21B8C}.Release|iPhone.Deploy.0 = Release|Any CPU
		{0A3732FA-9A36-4296-8E6D-AC51E4D21B8C}.Release|iPhoneSimulator.ActiveCfg = Release|Any CPU
		{0A3732FA-9A36-4296-8E6D-AC51E4D21B8C}.Release|iPhoneSimulator.Build.0 = Release|Any CPU
		{0A3732FA-9A36-4296-8E6D-AC51E4D21B8C}.Release|iPhoneSimulator.Deploy.0 = Release|Any CPU
		{0A3732FA-9A36-4296-8E6D-AC51E4D21B8C}.Release|x64.ActiveCfg = Release|Any CPU
		{0A3732FA-9A36-4296-8E6D-AC51E4D21B8C}.Release|x64.Build.0 = Release|Any CPU
		{0A3732FA-9A36-4296-8E6D-AC51E4D21B8C}.Release|x64.Deploy.0 = Release|Any CPU
		{0A3732FA-9A36-4296-8E6D-AC51E4D21B8C}.Release|x86.ActiveCfg = Release|Any CPU
		{0A3732FA-9A36-4296-8E6D-AC51E4D21B8C}.Release|x86.Build.0 = Release|Any CPU
		{0A3732FA-9A36-4296-8E6D-AC51E4D21B8C}.Release|x86.Deploy.0 = Release|Any CPU
		{638D4278-1FFA-4F0B-9A5F-8A7289238E31}.Ad-Hoc|Any CPU.ActiveCfg = Ad-Hoc|iPhone
		{638D4278-1FFA-4F0B-9A5F-8A7289238E31}.Ad-Hoc|ARM.ActiveCfg = Ad-Hoc|iPhone
		{638D4278-1FFA-4F0B-9A5F-8A7289238E31}.Ad-Hoc|iPhone.ActiveCfg = Ad-Hoc|iPhone
		{638D4278-1FFA-4F0B-9A5F-8A7289238E31}.Ad-Hoc|iPhone.Build.0 = Ad-Hoc|iPhone
		{638D4278-1FFA-4F0B-9A5F-8A7289238E31}.Ad-Hoc|iPhoneSimulator.ActiveCfg = Ad-Hoc|iPhoneSimulator
		{638D4278-1FFA-4F0B-9A5F-8A7289238E31}.Ad-Hoc|iPhoneSimulator.Build.0 = Ad-Hoc|iPhoneSimulator
		{638D4278-1FFA-4F0B-9A5F-8A7289238E31}.Ad-Hoc|x64.ActiveCfg = Ad-Hoc|iPhone
		{638D4278-1FFA-4F0B-9A5F-8A7289238E31}.Ad-Hoc|x86.ActiveCfg = Ad-Hoc|iPhone
		{638D4278-1FFA-4F0B-9A5F-8A7289238E31}.AppStore|Any CPU.ActiveCfg = AppStore|iPhone
		{638D4278-1FFA-4F0B-9A5F-8A7289238E31}.AppStore|ARM.ActiveCfg = AppStore|iPhone
		{638D4278-1FFA-4F0B-9A5F-8A7289238E31}.AppStore|iPhone.ActiveCfg = AppStore|iPhone
		{638D4278-1FFA-4F0B-9A5F-8A7289238E31}.AppStore|iPhone.Build.0 = AppStore|iPhone
		{638D4278-1FFA-4F0B-9A5F-8A7289238E31}.AppStore|iPhoneSimulator.ActiveCfg = AppStore|iPhoneSimulator
		{638D4278-1FFA-4F0B-9A5F-8A7289238E31}.AppStore|iPhoneSimulator.Build.0 = AppStore|iPhoneSimulator
		{638D4278-1FFA-4F0B-9A5F-8A7289238E31}.AppStore|x64.ActiveCfg = AppStore|iPhone
		{638D4278-1FFA-4F0B-9A5F-8A7289238E31}.AppStore|x86.ActiveCfg = AppStore|iPhone
		{638D4278-1FFA-4F0B-9A5F-8A7289238E31}.Debug|Any CPU.ActiveCfg = Debug|iPhone
		{638D4278-1FFA-4F0B-9A5F-8A7289238E31}.Debug|ARM.ActiveCfg = Debug|iPhone
		{638D4278-1FFA-4F0B-9A5F-8A7289238E31}.Debug|iPhone.ActiveCfg = Debug|iPhone
		{638D4278-1FFA-4F0B-9A5F-8A7289238E31}.Debug|iPhone.Build.0 = Debug|iPhone
		{638D4278-1FFA-4F0B-9A5F-8A7289238E31}.Debug|iPhoneSimulator.ActiveCfg = Debug|iPhoneSimulator
		{638D4278-1FFA-4F0B-9A5F-8A7289238E31}.Debug|iPhoneSimulator.Build.0 = Debug|iPhoneSimulator
		{638D4278-1FFA-4F0B-9A5F-8A7289238E31}.Debug|x64.ActiveCfg = Debug|iPhone
		{638D4278-1FFA-4F0B-9A5F-8A7289238E31}.Debug|x86.ActiveCfg = Debug|iPhone
		{638D4278-1FFA-4F0B-9A5F-8A7289238E31}.Release|Any CPU.ActiveCfg = Release|iPhone
		{638D4278-1FFA-4F0B-9A5F-8A7289238E31}.Release|ARM.ActiveCfg = Release|iPhone
		{638D4278-1FFA-4F0B-9A5F-8A7289238E31}.Release|iPhone.ActiveCfg = Release|iPhone
		{638D4278-1FFA-4F0B-9A5F-8A7289238E31}.Release|iPhone.Build.0 = Release|iPhone
		{638D4278-1FFA-4F0B-9A5F-8A7289238E31}.Release|iPhoneSimulator.ActiveCfg = Release|iPhoneSimulator
		{638D4278-1FFA-4F0B-9A5F-8A7289238E31}.Release|iPhoneSimulator.Build.0 = Release|iPhoneSimulator
		{638D4278-1FFA-4F0B-9A5F-8A7289238E31}.Release|x64.ActiveCfg = Release|iPhone
		{638D4278-1FFA-4F0B-9A5F-8A7289238E31}.Release|x86.ActiveCfg = Release|iPhone
		{F5CEE8F1-36C9-46EC-96AB-F923A101E6E5}.Ad-Hoc|Any CPU.ActiveCfg = Release|x86
		{F5CEE8F1-36C9-46EC-96AB-F923A101E6E5}.Ad-Hoc|Any CPU.Build.0 = Release|x86
		{F5CEE8F1-36C9-46EC-96AB-F923A101E6E5}.Ad-Hoc|Any CPU.Deploy.0 = Release|x86
		{F5CEE8F1-36C9-46EC-96AB-F923A101E6E5}.Ad-Hoc|ARM.ActiveCfg = Release|ARM
		{F5CEE8F1-36C9-46EC-96AB-F923A101E6E5}.Ad-Hoc|ARM.Build.0 = Release|ARM
		{F5CEE8F1-36C9-46EC-96AB-F923A101E6E5}.Ad-Hoc|ARM.Deploy.0 = Release|ARM
		{F5CEE8F1-36C9-46EC-96AB-F923A101E6E5}.Ad-Hoc|iPhone.ActiveCfg = Release|x86
		{F5CEE8F1-36C9-46EC-96AB-F923A101E6E5}.Ad-Hoc|iPhone.Build.0 = Release|x86
		{F5CEE8F1-36C9-46EC-96AB-F923A101E6E5}.Ad-Hoc|iPhone.Deploy.0 = Release|x86
		{F5CEE8F1-36C9-46EC-96AB-F923A101E6E5}.Ad-Hoc|iPhoneSimulator.ActiveCfg = Release|x86
		{F5CEE8F1-36C9-46EC-96AB-F923A101E6E5}.Ad-Hoc|iPhoneSimulator.Build.0 = Release|x86
		{F5CEE8F1-36C9-46EC-96AB-F923A101E6E5}.Ad-Hoc|iPhoneSimulator.Deploy.0 = Release|x86
		{F5CEE8F1-36C9-46EC-96AB-F923A101E6E5}.Ad-Hoc|x64.ActiveCfg = Release|x64
		{F5CEE8F1-36C9-46EC-96AB-F923A101E6E5}.Ad-Hoc|x64.Build.0 = Release|x64
		{F5CEE8F1-36C9-46EC-96AB-F923A101E6E5}.Ad-Hoc|x64.Deploy.0 = Release|x64
		{F5CEE8F1-36C9-46EC-96AB-F923A101E6E5}.Ad-Hoc|x86.ActiveCfg = Release|x86
		{F5CEE8F1-36C9-46EC-96AB-F923A101E6E5}.Ad-Hoc|x86.Build.0 = Release|x86
		{F5CEE8F1-36C9-46EC-96AB-F923A101E6E5}.Ad-Hoc|x86.Deploy.0 = Release|x86
		{F5CEE8F1-36C9-46EC-96AB-F923A101E6E5}.AppStore|Any CPU.ActiveCfg = Release|x86
		{F5CEE8F1-36C9-46EC-96AB-F923A101E6E5}.AppStore|Any CPU.Build.0 = Release|x86
		{F5CEE8F1-36C9-46EC-96AB-F923A101E6E5}.AppStore|Any CPU.Deploy.0 = Release|x86
		{F5CEE8F1-36C9-46EC-96AB-F923A101E6E5}.AppStore|ARM.ActiveCfg = Release|ARM
		{F5CEE8F1-36C9-46EC-96AB-F923A101E6E5}.AppStore|ARM.Build.0 = Release|ARM
		{F5CEE8F1-36C9-46EC-96AB-F923A101E6E5}.AppStore|ARM.Deploy.0 = Release|ARM
		{F5CEE8F1-36C9-46EC-96AB-F923A101E6E5}.AppStore|iPhone.ActiveCfg = Release|x86
		{F5CEE8F1-36C9-46EC-96AB-F923A101E6E5}.AppStore|iPhone.Build.0 = Release|x86
		{F5CEE8F1-36C9-46EC-96AB-F923A101E6E5}.AppStore|iPhone.Deploy.0 = Release|x86
		{F5CEE8F1-36C9-46EC-96AB-F923A101E6E5}.AppStore|iPhoneSimulator.ActiveCfg = Release|x86
		{F5CEE8F1-36C9-46EC-96AB-F923A101E6E5}.AppStore|iPhoneSimulator.Build.0 = Release|x86
		{F5CEE8F1-36C9-46EC-96AB-F923A101E6E5}.AppStore|iPhoneSimulator.Deploy.0 = Release|x86
		{F5CEE8F1-36C9-46EC-96AB-F923A101E6E5}.AppStore|x64.ActiveCfg = Release|x64
		{F5CEE8F1-36C9-46EC-96AB-F923A101E6E5}.AppStore|x64.Build.0 = Release|x64
		{F5CEE8F1-36C9-46EC-96AB-F923A101E6E5}.AppStore|x64.Deploy.0 = Release|x64
		{F5CEE8F1-36C9-46EC-96AB-F923A101E6E5}.AppStore|x86.ActiveCfg = Release|x86
		{F5CEE8F1-36C9-46EC-96AB-F923A101E6E5}.AppStore|x86.Build.0 = Release|x86
		{F5CEE8F1-36C9-46EC-96AB-F923A101E6E5}.AppStore|x86.Deploy.0 = Release|x86
		{F5CEE8F1-36C9-46EC-96AB-F923A101E6E5}.Debug|Any CPU.ActiveCfg = Debug|x86
		{F5CEE8F1-36C9-46EC-96AB-F923A101E6E5}.Debug|ARM.ActiveCfg = Debug|ARM
		{F5CEE8F1-36C9-46EC-96AB-F923A101E6E5}.Debug|ARM.Build.0 = Debug|ARM
		{F5CEE8F1-36C9-46EC-96AB-F923A101E6E5}.Debug|ARM.Deploy.0 = Debug|ARM
		{F5CEE8F1-36C9-46EC-96AB-F923A101E6E5}.Debug|iPhone.ActiveCfg = Debug|x86
		{F5CEE8F1-36C9-46EC-96AB-F923A101E6E5}.Debug|iPhoneSimulator.ActiveCfg = Debug|x86
		{F5CEE8F1-36C9-46EC-96AB-F923A101E6E5}.Debug|x64.ActiveCfg = Debug|x64
		{F5CEE8F1-36C9-46EC-96AB-F923A101E6E5}.Debug|x64.Build.0 = Debug|x64
		{F5CEE8F1-36C9-46EC-96AB-F923A101E6E5}.Debug|x64.Deploy.0 = Debug|x64
		{F5CEE8F1-36C9-46EC-96AB-F923A101E6E5}.Debug|x86.ActiveCfg = Debug|x86
		{F5CEE8F1-36C9-46EC-96AB-F923A101E6E5}.Debug|x86.Build.0 = Debug|x86
		{F5CEE8F1-36C9-46EC-96AB-F923A101E6E5}.Debug|x86.Deploy.0 = Debug|x86
		{F5CEE8F1-36C9-46EC-96AB-F923A101E6E5}.Release|Any CPU.ActiveCfg = Release|x86
		{F5CEE8F1-36C9-46EC-96AB-F923A101E6E5}.Release|ARM.ActiveCfg = Release|ARM
		{F5CEE8F1-36C9-46EC-96AB-F923A101E6E5}.Release|ARM.Build.0 = Release|ARM
		{F5CEE8F1-36C9-46EC-96AB-F923A101E6E5}.Release|ARM.Deploy.0 = Release|ARM
		{F5CEE8F1-36C9-46EC-96AB-F923A101E6E5}.Release|iPhone.ActiveCfg = Release|x86
		{F5CEE8F1-36C9-46EC-96AB-F923A101E6E5}.Release|iPhoneSimulator.ActiveCfg = Release|x86
		{F5CEE8F1-36C9-46EC-96AB-F923A101E6E5}.Release|x64.ActiveCfg = Release|x64
		{F5CEE8F1-36C9-46EC-96AB-F923A101E6E5}.Release|x64.Build.0 = Release|x64
		{F5CEE8F1-36C9-46EC-96AB-F923A101E6E5}.Release|x64.Deploy.0 = Release|x64
		{F5CEE8F1-36C9-46EC-96AB-F923A101E6E5}.Release|x86.ActiveCfg = Release|x86
		{F5CEE8F1-36C9-46EC-96AB-F923A101E6E5}.Release|x86.Build.0 = Release|x86
		{F5CEE8F1-36C9-46EC-96AB-F923A101E6E5}.Release|x86.Deploy.0 = Release|x86
	EndGlobalSection
	GlobalSection(SolutionProperties) = preSolution
		HideSolutionNode = FALSE
	EndGlobalSection
	GlobalSection(ExtensibilityGlobals) = postSolution
		SolutionGuid = {B0A7E009-7AB2-425F-9E24-3969E0EC6037}
	EndGlobalSection
EndGlobal
